
Microsoft Visual Studio Solution File, Format Version 12.00
# Visual Studio Version 17
VisualStudioVersion = 17.7.34031.279
MinimumVisualStudioVersion = 10.0.40219.1
Project("{9A19103F-16F7-4668-BE54-9A1E7A4F7556}") = "Task.Application", "Task.Application\Task.Application.csproj", "{52697138-877D-41F5-AF1C-6DF49434CEAF}"
EndProject
Project("{9A19103F-16F7-4668-BE54-9A1E7A4F7556}") = "Task.Connector.Tests", "Task.Connector.Tests\Task.Connector.Tests.csproj", "{9DFE11D3-9738-46B0-91FA-B6462C93EEAE}"
EndProject
Project("{FAE04EC0-301F-11D3-BF4B-00C04F79EFBC}") = "Task.Infrastructure", "Task.Infrastructure\Task.Infrastructure.csproj", "{A6E5B445-3BD8-4919-B57B-CF99030BADA3}"
EndProject
Project("{2150E333-8FDC-42A3-9474-1A3956D46DE8}") = "src", "src", "{88CDEA0A-6E65-4A0E-A5EA-C6454F0478A3}"
EndProject
Project("{2150E333-8FDC-42A3-9474-1A3956D46DE8}") = "test", "test", "{A93BC7BE-ADDA-4492-8D36-F85D877F33FA}"
EndProject
Project("{2150E333-8FDC-42A3-9474-1A3956D46DE8}") = "example", "example", "{422D1E10-E4F8-4EFD-AB82-D08E5467DCC6}"
EndProject
Project("{FAE04EC0-301F-11D3-BF4B-00C04F79EFBC}") = "Task.Example", "Task.Example\Task.Example.csproj", "{CC842ABF-88A0-45FD-8814-00412A62A051}"
EndProject
Project("{FAE04EC0-301F-11D3-BF4B-00C04F79EFBC}") = "Task.Domain", "Task.Domain\Task.Domain.csproj", "{A349D7CE-8545-4DB4-9251-C0B1C576E40E}"
EndProject
Global
	GlobalSection(SolutionConfigurationPlatforms) = preSolution
		Debug|Any CPU = Debug|Any CPU
		Release|Any CPU = Release|Any CPU
	EndGlobalSection
	GlobalSection(ProjectConfigurationPlatforms) = postSolution
		{52697138-877D-41F5-AF1C-6DF49434CEAF}.Debug|Any CPU.ActiveCfg = Debug|Any CPU
		{52697138-877D-41F5-AF1C-6DF49434CEAF}.Debug|Any CPU.Build.0 = Debug|Any CPU
		{52697138-877D-41F5-AF1C-6DF49434CEAF}.Release|Any CPU.ActiveCfg = Release|Any CPU
		{52697138-877D-41F5-AF1C-6DF49434CEAF}.Release|Any CPU.Build.0 = Release|Any CPU
		{9DFE11D3-9738-46B0-91FA-B6462C93EEAE}.Debug|Any CPU.ActiveCfg = Debug|Any CPU
		{9DFE11D3-9738-46B0-91FA-B6462C93EEAE}.Debug|Any CPU.Build.0 = Debug|Any CPU
		{9DFE11D3-9738-46B0-91FA-B6462C93EEAE}.Release|Any CPU.ActiveCfg = Release|Any CPU
		{9DFE11D3-9738-46B0-91FA-B6462C93EEAE}.Release|Any CPU.Build.0 = Release|Any CPU
		{A6E5B445-3BD8-4919-B57B-CF99030BADA3}.Debug|Any CPU.ActiveCfg = Debug|Any CPU
		{A6E5B445-3BD8-4919-B57B-CF99030BADA3}.Debug|Any CPU.Build.0 = Debug|Any CPU
		{A6E5B445-3BD8-4919-B57B-CF99030BADA3}.Release|Any CPU.ActiveCfg = Release|Any CPU
		{A6E5B445-3BD8-4919-B57B-CF99030BADA3}.Release|Any CPU.Build.0 = Release|Any CPU
		{CC842ABF-88A0-45FD-8814-00412A62A051}.Debug|Any CPU.ActiveCfg = Debug|Any CPU
		{CC842ABF-88A0-45FD-8814-00412A62A051}.Debug|Any CPU.Build.0 = Debug|Any CPU
		{CC842ABF-88A0-45FD-8814-00412A62A051}.Release|Any CPU.ActiveCfg = Release|Any CPU
		{CC842ABF-88A0-45FD-8814-00412A62A051}.Release|Any CPU.Build.0 = Release|Any CPU
		{A349D7CE-8545-4DB4-9251-C0B1C576E40E}.Debug|Any CPU.ActiveCfg = Debug|Any CPU
		{A349D7CE-8545-4DB4-9251-C0B1C576E40E}.Debug|Any CPU.Build.0 = Debug|Any CPU
		{A349D7CE-8545-4DB4-9251-C0B1C576E40E}.Release|Any CPU.ActiveCfg = Release|Any CPU
		{A349D7CE-8545-4DB4-9251-C0B1C576E40E}.Release|Any CPU.Build.0 = Release|Any CPU
	EndGlobalSection
	GlobalSection(SolutionProperties) = preSolution
		HideSolutionNode = FALSE
	EndGlobalSection
	GlobalSection(ExtensibilityGlobals) = postSolution
		SolutionGuid = {2A5737B5-5568-434B-B2B5-1832C9957DC1}
	EndGlobalSection
	GlobalSection(NestedProjects) = preSolution
		{52697138-877D-41F5-AF1C-6DF49434CEAF} = {88CDEA0A-6E65-4A0E-A5EA-C6454F0478A3}
		{A6E5B445-3BD8-4919-B57B-CF99030BADA3} = {88CDEA0A-6E65-4A0E-A5EA-C6454F0478A3}
		{9DFE11D3-9738-46B0-91FA-B6462C93EEAE} = {A93BC7BE-ADDA-4492-8D36-F85D877F33FA}
		{CC842ABF-88A0-45FD-8814-00412A62A051} = {422D1E10-E4F8-4EFD-AB82-D08E5467DCC6}
		{A349D7CE-8545-4DB4-9251-C0B1C576E40E} = {88CDEA0A-6E65-4A0E-A5EA-C6454F0478A3}
	EndGlobalSection
EndGlobal
